
Microsoft Visual Studio Solution File, Format Version 12.00
Project("{FAE04EC0-301F-11D3-BF4B-00C04F79EFBC}") = "EFCodeFirst", "EFCodeFirst\EFCodeFirst.csproj", "{830D67F6-EA48-47BA-98E3-DAE6D0FFB107}"
EndProject
Global
	GlobalSection(SolutionConfigurationPlatforms) = preSolution
		Debug|Any CPU = Debug|Any CPU
		Release|Any CPU = Release|Any CPU
	EndGlobalSection
	GlobalSection(ProjectConfigurationPlatforms) = postSolution
		{830D67F6-EA48-47BA-98E3-DAE6D0FFB107}.Debug|Any CPU.ActiveCfg = Debug|Any CPU
		{830D67F6-EA48-47BA-98E3-DAE6D0FFB107}.Debug|Any CPU.Build.0 = Debug|Any CPU
		{830D67F6-EA48-47BA-98E3-DAE6D0FFB107}.Release|Any CPU.ActiveCfg = Release|Any CPU
		{830D67F6-EA48-47BA-98E3-DAE6D0FFB107}.Release|Any CPU.Build.0 = Release|Any CPU
	EndGlobalSection
EndGlobal
